PODS:
  - Ads-Global (7.9.0.6):
    - Ads-Global/BUAdSDK (= 7.9.0.6)
  - Ads-Global/BUAdSDK (7.9.0.6):
    - Ads-Global/PangleSDK
    - Ads-Global/TikTokBusinessSDK
  - Ads-Global/PangleSDK (7.9.0.6)
  - Ads-Global/TikTokBusinessSDK (7.9.0.6)
  - AdWhaleSDK (1.0.7):
    - AdWhaleSDK/Base (= 1.0.7)
  - AdWhaleSDK/Base (1.0.7):
    - AdWhaleSDK/Core
    - GoogleMobileAdsMediationFyber (= 8.4.4.1)
    - GoogleMobileAdsMediationInMobi (= 11.1.1.1)
    - GoogleMobileAdsMediationIronSource (= 9.3.0.0.1)
    - GoogleMobileAdsMediationMintegral (= 8.0.7.0)
    - GoogleMobileAdsMediationMoloco (= 4.4.1.0)
    - GoogleMobileAdsMediationPangle (= 7.9.0.6.0)
    - GoogleMobileAdsMediationUnity (= 4.16.6.1)
    - GoogleMobileAdsMediationVungle (= 7.7.0.0)
  - AdWhaleSDK/Core (1.0.7):
    - Google-Mobile-Ads-SDK (= 13.0.0)
    - GoogleMobileAdsMediationAppLovin (= 13.5.1.0)
  - AppLovinSDK (13.5.1)
  - Fyber_Marketplace_SDK (8.4.4)
  - Google-Mobile-Ads-SDK (13.0.0):
    - GoogleUserMessagingPlatform (>= 1.1)
  - GoogleMobileAdsMediationAppLovin (13.5.1.0):
    - AppLovinSDK (= 13.5.1)
    - Google-Mobile-Ads-SDK (~> 13.0)
  - GoogleMobileAdsMediationFyber (8.4.4.1):
    - Fyber_Marketplace_SDK (= 8.4.4)
    - Google-Mobile-Ads-SDK (~> 13.0)
  - GoogleMobileAdsMediationInMobi (11.1.1.1):
    - Google-Mobile-Ads-SDK (~> 13.0)
    - InMobiSDK (= 11.1.1)
  - GoogleMobileAdsMediationIronSource (9.3.0.0.1):
    - Google-Mobile-Ads-SDK (~> 13.0)
    - IronSourceSDK (= 9.3.0.0)
  - GoogleMobileAdsMediationMintegral (8.0.7.0):
    - Google-Mobile-Ads-SDK (~> 13.0)
    - MintegralAdSDK/All (= 8.0.7)
  - GoogleMobileAdsMediationMoloco (4.4.1.0):
    - Google-Mobile-Ads-SDK (~> 13.0)
    - MolocoSDKiOS (= 4.4.1)
  - GoogleMobileAdsMediationPangle (7.9.0.6.0):
    - Ads-Global (= 7.9.0.6)
    - Google-Mobile-Ads-SDK (~> 13.0)
  - GoogleMobileAdsMediationUnity (4.16.6.1):
    - Google-Mobile-Ads-SDK (~> 13.0)
    - UnityAds (= 4.16.6)
  - GoogleMobileAdsMediationVungle (7.7.0.0):
    - Google-Mobile-Ads-SDK (~> 13.0)
    - VungleAds (= 7.7.0)
  - GoogleUserMessagingPlatform (3.1.0)
  - InMobiSDK (11.1.1)
  - IronSourceAdQualitySDK (9.2.1)
  - IronSourceSDK (9.3.0.0):
    - IronSourceSDK/AdQuality (= 9.3.0.0)
    - IronSourceSDK/Ads (= 9.3.0.0)
  - IronSourceSDK/AdQuality (9.3.0.0):
    - IronSourceAdQualitySDK (~> 9.2.1)
  - IronSourceSDK/Ads (9.3.0.0)
  - MintegralAdSDK/All (8.0.7):
    - MintegralAdSDK/BannerAd
    - MintegralAdSDK/BidNativeAd
    - MintegralAdSDK/InterstitialVideoAd
    - MintegralAdSDK/NativeAd
    - MintegralAdSDK/NativeAdvancedAd
    - MintegralAdSDK/NewInterstitialAd
    - MintegralAdSDK/RewardVideoAd
    - MintegralAdSDK/SplashAd
  - MintegralAdSDK/BannerAd (8.0.7):
    - MintegralAdSDK/NativeAd
  - MintegralAdSDK/BidNativeAd (8.0.7):
    - MintegralAdSDK/NativeAd
  - MintegralAdSDK/InterstitialVideoAd (8.0.7):
    - MintegralAdSDK/NativeAd
  - MintegralAdSDK/NativeAd (8.0.7)
  - MintegralAdSDK/NativeAdvancedAd (8.0.7):
    - MintegralAdSDK/NativeAd
  - MintegralAdSDK/NewInterstitialAd (8.0.7):
    - MintegralAdSDK/InterstitialVideoAd
    - MintegralAdSDK/NativeAd
  - MintegralAdSDK/RewardVideoAd (8.0.7):
    - MintegralAdSDK/NativeAd
  - MintegralAdSDK/SplashAd (8.0.7):
    - MintegralAdSDK/NativeAd
  - MolocoSDKiOS (4.4.1)
  - UnityAds (4.16.6)
  - VungleAds (7.7.0)

DEPENDENCIES:
  - AdWhaleSDK (= 1.0.7)

SPEC REPOS:
  https://github.com/CocoaPods/Specs.git:
    - Ads-Global
    - AppLovinSDK
    - Fyber_Marketplace_SDK
    - Google-Mobile-Ads-SDK
    - GoogleMobileAdsMediationAppLovin
    - GoogleMobileAdsMediationFyber
    - GoogleMobileAdsMediationInMobi
    - GoogleMobileAdsMediationIronSource
    - GoogleMobileAdsMediationMintegral
    - GoogleMobileAdsMediationMoloco
    - GoogleMobileAdsMediationPangle
    - GoogleMobileAdsMediationUnity
    - GoogleMobileAdsMediationVungle
    - GoogleUserMessagingPlatform
    - InMobiSDK
    - IronSourceAdQualitySDK
    - IronSourceSDK
    - MintegralAdSDK
    - MolocoSDKiOS
    - UnityAds
    - VungleAds
  https://github.com/dev-adwhale/AdWhaleSDK_iOS:
    - AdWhaleSDK

SPEC CHECKSUMS:
  Ads-Global: fb1fa75ebbf100ab9ff216d81b71a05cf1a73675
  AdWhaleSDK: 5ccde89701685425c181bb2078f016de0da2e390
  AppLovinSDK: 8d9af6c7617e4d35b38aa8393a3e9d161a74b230
  Fyber_Marketplace_SDK: 37270b423a1684c3d5335db03f0c9798a31d8dd9
  Google-Mobile-Ads-SDK: 96498d53355e438e2d932277e5e8e41a824fe4d4
  GoogleMobileAdsMediationAppLovin: 9171fc8a9cdd41d5db75e4bccc30dd72b6a5c99f
  GoogleMobileAdsMediationFyber: ffba9569fa3455eb6e0d76382b4268bc764f52fa
  GoogleMobileAdsMediationInMobi: e45eb2d955605563c03c1ce20f595df944af74ac
  GoogleMobileAdsMediationIronSource: 4a03683c00043c374bc6c43dcf640af129cf4c7b
  GoogleMobileAdsMediationMintegral: a63b2583a43534f6faae03225197f349dc80186a
  GoogleMobileAdsMediationMoloco: ebee7c3c24d263f6b122ca1f2ef2e216365799fa
  GoogleMobileAdsMediationPangle: a1b9bf5cbda029ee17fc7e41d06a887d2555f8c2
  GoogleMobileAdsMediationUnity: 48994dc659be3ebc279b5114ad8d5803f1ff4131
  GoogleMobileAdsMediationVungle: 1355cd1303c2b6f14fa5141deeb81e02072c76cb
  GoogleUserMessagingPlatform: befe603da6501006420c206222acd449bba45a9c
  InMobiSDK: 4642fb34a961980ab94a1ac460c6e16e113498e6
  IronSourceAdQualitySDK: 2a45fd35df68f6c03090e9c330f4efe64e70a9ff
  IronSourceSDK: 5febe9a2c8c4eb4ac743dd0da492d2a6b69b5b7f
  MintegralAdSDK: 9fde3aa7b739121e4e76ae83bcc612a4af27d7e5
  MolocoSDKiOS: b5cf00d43105f04eb600f93d9e39a4e336c738cf
  UnityAds: 37544c41dd6916fa9074bf68cf07fce793460b84
  VungleAds: 1d60d6d08d4adcaa84a401a7e65c35de5cd16ae9

PODFILE CHECKSUM: 63ee670c68cc3a7304dad3bc1f8753934ef9ebcd

COCOAPODS: 1.16.2
