PODS:
  - Ads-Global (6.4.1.2):
    - Ads-Global/BUAdSDK (= 6.4.1.2)
  - Ads-Global/BUAdSDK (6.4.1.2)
  - AdWhaleSDK (1.0.2):
    - AdWhaleSDK/Base (= 1.0.2)
  - AdWhaleSDK/Base (1.0.2):
    - Google-Mobile-Ads-SDK (= 11.13.0)
    - GoogleMobileAdsMediationAppLovin (= 13.1.0.0)
    - GoogleMobileAdsMediationFyber (= 8.3.5.0)
    - GoogleMobileAdsMediationInMobi (= 10.8.0.0)
    - GoogleMobileAdsMediationIronSource (= 8.6.1.0.0)
    - GoogleMobileAdsMediationMintegral (= 7.7.5.0)
    - GoogleMobileAdsMediationPangle (= 6.4.1.2.0)
    - GoogleMobileAdsMediationUnity (= 4.13.1.0)
    - GoogleMobileAdsMediationVungle (= 7.4.4.0)
    - GoogleUserMessagingPlatform (= 2.7.0)
  - AppLovinSDK (13.1.0)
  - Fyber_Marketplace_SDK (8.3.5)
  - Google-Mobile-Ads-SDK (11.13.0):
    - GoogleUserMessagingPlatform (>= 1.1)
  - GoogleMobileAdsMediationAppLovin (13.1.0.0):
    - AppLovinSDK (= 13.1.0)
    - Google-Mobile-Ads-SDK (~> 11.0)
  - GoogleMobileAdsMediationFyber (8.3.5.0):
    - Fyber_Marketplace_SDK (= 8.3.5)
    - Google-Mobile-Ads-SDK (~> 11.0)
  - GoogleMobileAdsMediationInMobi (10.8.0.0):
    - Google-Mobile-Ads-SDK (~> 11.0)
    - InMobiSDK (= 10.8.0)
  - GoogleMobileAdsMediationIronSource (8.6.1.0.0):
    - Google-Mobile-Ads-SDK (~> 11.0)
    - IronSourceSDK (= 8.6.1.0)
  - GoogleMobileAdsMediationMintegral (7.7.5.0):
    - Google-Mobile-Ads-SDK (~> 11.0)
    - MintegralAdSDK/All (= 7.7.5)
  - GoogleMobileAdsMediationPangle (6.4.1.2.0):
    - Ads-Global (= 6.4.1.2)
    - Google-Mobile-Ads-SDK (~> 11.0)
  - GoogleMobileAdsMediationUnity (4.13.1.0):
    - Google-Mobile-Ads-SDK (~> 11.0)
    - UnityAds (= 4.13.1)
  - GoogleMobileAdsMediationVungle (7.4.4.0):
    - Google-Mobile-Ads-SDK (~> 11.0)
    - VungleAds (= 7.4.4)
  - GoogleUserMessagingPlatform (2.7.0)
  - InMobiSDK (10.8.0)
  - IronSourceSDK (8.6.1.0)
  - MintegralAdSDK/All (7.7.5):
    - MintegralAdSDK/BannerAd
    - MintegralAdSDK/BidNativeAd
    - MintegralAdSDK/InterstitialVideoAd
    - MintegralAdSDK/NativeAd
    - MintegralAdSDK/NativeAdvancedAd
    - MintegralAdSDK/NewInterstitialAd
    - MintegralAdSDK/RewardVideoAd
    - MintegralAdSDK/SplashAd
  - MintegralAdSDK/BannerAd (7.7.5):
    - MintegralAdSDK/NativeAd
  - MintegralAdSDK/BidNativeAd (7.7.5):
    - MintegralAdSDK/NativeAd
  - MintegralAdSDK/InterstitialVideoAd (7.7.5):
    - MintegralAdSDK/NativeAd
  - MintegralAdSDK/NativeAd (7.7.5)
  - MintegralAdSDK/NativeAdvancedAd (7.7.5):
    - MintegralAdSDK/NativeAd
  - MintegralAdSDK/NewInterstitialAd (7.7.5):
    - MintegralAdSDK/InterstitialVideoAd
    - MintegralAdSDK/NativeAd
  - MintegralAdSDK/RewardVideoAd (7.7.5):
    - MintegralAdSDK/NativeAd
  - MintegralAdSDK/SplashAd (7.7.5):
    - MintegralAdSDK/NativeAd
  - UnityAds (4.13.1)
  - VungleAds (7.4.4)

DEPENDENCIES:
  - AdWhaleSDK (= 1.0.2)

SPEC REPOS:
  https://github.com/CocoaPods/Specs.git:
    - Ads-Global
    - AppLovinSDK
    - Fyber_Marketplace_SDK
    - Google-Mobile-Ads-SDK
    - GoogleMobileAdsMediationAppLovin
    - GoogleMobileAdsMediationFyber
    - GoogleMobileAdsMediationInMobi
    - GoogleMobileAdsMediationIronSource
    - GoogleMobileAdsMediationMintegral
    - GoogleMobileAdsMediationPangle
    - GoogleMobileAdsMediationUnity
    - GoogleMobileAdsMediationVungle
    - GoogleUserMessagingPlatform
    - InMobiSDK
    - IronSourceSDK
    - MintegralAdSDK
    - UnityAds
    - VungleAds
  https://github.com/dev-adwhale/AdWhaleSDK_iOS.git:
    - AdWhaleSDK

SPEC CHECKSUMS:
  Ads-Global: 4050dd34ff7865a189b53bcb01d1b2405cf280d3
  AdWhaleSDK: 2eec7d7671bc612fb604db5b01f17ff30b95ded4
  AppLovinSDK: 539a0178d8bef4d68b2551a93526e0c1bba06cb2
  Fyber_Marketplace_SDK: 8b042ecd850accf338a052ca23a4e105f71154ec
  Google-Mobile-Ads-SDK: 14f57f2dc33532a24db288897e26494640810407
  GoogleMobileAdsMediationAppLovin: 5934f328952e469ebf6a51438fe58500885cbee4
  GoogleMobileAdsMediationFyber: d4d0945274d92cc63f03e58de0c3c4862a1aacb8
  GoogleMobileAdsMediationInMobi: 1c09a0189c485bba2b3edc9ab0e062b9a716929f
  GoogleMobileAdsMediationIronSource: 2654d6138b68fcc3fdeafc61ee1b16aadc47b969
  GoogleMobileAdsMediationMintegral: fa41384b29c36699bf703ab75ca6407e59d29b9b
  GoogleMobileAdsMediationPangle: 2ffc33fd94308dbf7a423301c09da5ba155344ab
  GoogleMobileAdsMediationUnity: 769e2b05b68c066b97c5125b55bcdeb1eb59e63e
  GoogleMobileAdsMediationVungle: d090c301d492c458986c447972808c8d9efc1439
  GoogleUserMessagingPlatform: a8b56893477f67212fbc8411c139e61d463349f5
  InMobiSDK: 0cfb1a1eb5112fa0236ae1fab549e31fb96c9566
  IronSourceSDK: 203ffc1afec71b6295d2ac9e0177eced6892bba0
  MintegralAdSDK: 88cc19314a1424a5d7f976c834030879017ed5f9
  UnityAds: 213536f6565ba7139f6ba425910edada720ceb9d
  VungleAds: 7ceb822f20a6619d8d9ed6a616dacd8cc5b05036

PODFILE CHECKSUM: 261912877df991b6628b11a046617cbe2117015a

COCOAPODS: 1.16.2
